{
  "requires": true,
  "lockfileVersion": 1,
  "dependencies": {
    "bootstrap": {
      "version": "3.4.1",
      "resolved": "https://registry.npmjs.org/bootstrap/-/bootstrap-3.4.1.tgz",
      "integrity": "sha512-yN5oZVmRCwe5aKwzRj6736nSmKDX7pLYwsXiCj/EYmo16hODaBiT4En5btW/jhBF/seV+XMx3aYwukYC3A49DA=="
    },
    "dot": {
      "version": "1.1.2",
      "resolved": "https://registry.npmjs.org/dot/-/dot-1.1.2.tgz",
      "integrity": "sha1-xzdwGfxOVQeYkosrmv62ar+h8vk="
    },
    "jQuery-QueryBuilder": {
      "version": "2.5.2",
      "resolved": "https://registry.npmjs.org/jQuery-QueryBuilder/-/jQuery-QueryBuilder-2.5.2.tgz",
      "integrity": "sha512-DkWePjNfPsposPTWvz0thDhVxuiwdpjrmKIIaoD9MgLmMKbwQmdKUH9q6xO2ZfMYEDZ8k1aZPCHIDEoC1NgIPg==",
      "requires": {
        "bootstrap": ">=3.1.0 <4",
        "dot": ">=1.0.3",
        "jquery": "^3.3.1",
        "jquery-extendext": ">=0.1.2",
        "moment": "^2.21.0"
      }
    },
    "jquery": {
      "version": "3.3.1",
      "resolved": "https://registry.npmjs.org/jquery/-/jquery-3.3.1.tgz",
      "integrity": "sha512-Ubldcmxp5np52/ENotGxlLe6aGMvmF4R8S6tZjsP6Knsaxd/xp3Zrh50cG93lR6nPXyUFwzN3ZSOQI0wRJNdGg=="
    },
    "jquery-extendext": {
      "version": "0.1.2",
      "resolved": "https://registry.npmjs.org/jquery-extendext/-/jquery-extendext-0.1.2.tgz",
      "integrity": "sha1-1FtUi1EtF0oqcz16wkSLkEVscVY=",
      "requires": {
        "jquery": ">=1.9.1"
      }
    },
    "moment": {
      "version": "2.24.0",
      "resolved": "https://registry.npmjs.org/moment/-/moment-2.24.0.tgz",
      "integrity": "sha512-bV7f+6l2QigeBBZSM/6yTNq4P2fNpSWj/0e7jQcy87A8e7o2nAfP/34/2ky5Vw4B9S446EtIhodAzkFCcR4dQg=="
    }
  }
}
